{
    "_readme": [
        "This file locks the dependencies of your project to a known state",
        "Read more about it at https://getcomposer.org/doc/01-basic-usage.md#composer-lock-the-lock-file",
        "This file is @generated automatically"
    ],
    "content-hash": "4fecc2668c28b74a9ee8f5fe5ba4cb30",
    "packages": [
        {
            "name": "bower-asset/bootstrap",
            "version": "v4.0.0-beta1",
            "source": {
                "type": "git",
                "url": "https://github.com/twbs/bootstrap.git",
                "reference": "35f80bb12e4e71fd777ee60ffa43711d8f84b1a6"
            },
            "dist": {
                "type": "zip",
                "url": "https://api.github.com/repos/twbs/bootstrap/zipball/35f80bb12e4e71fd777ee60ffa43711d8f84b1a6",
                "reference": "35f80bb12e4e71fd777ee60ffa43711d8f84b1a6",
                "shasum": ""
            },
            "require": {
                "bower-asset/jquery": ">=1.9.1",
                "bower-asset/popper.js": ">=1.11.0,<2.0.0"
            },
            "type": "bower-asset-library",
            "extra": {
                "bower-asset-main": [
                    "scss/bootstrap.scss",
                    "dist/js/bootstrap.js"
                ],
                "bower-asset-ignore": [
                    "/.*",
                    "/_*",
                    "about",
                    "assets",
                    "docs",
                    "js/tests",
                    "nuget",
                    "CNAME",
                    "composer.json",
                    "Gruntfile.js"
                ]
            },
            "license": [
                "MIT"
            ],
            "description": "The most popular front-end framework for developing responsive, mobile first projects on the web.",
            "keywords": [
                "css",
                "framework",
                "front-end",
                "js",
                "mobile-first",
                "responsive",
                "sass",
                "web"
            ]
        },
        {
            "name": "bower-asset/inputmask",
            "version": "3.3.8",
            "source": {
                "type": "git",
                "url": "https://github.com/RobinHerbots/Inputmask.git",
                "reference": "791d84990c4a98df1597e9d155be53a3725805dd"
            },
            "dist": {
                "type": "zip",
                "url": "https://api.github.com/repos/RobinHerbots/Inputmask/zipball/791d84990c4a98df1597e9d155be53a3725805dd",
                "reference": "791d84990c4a98df1597e9d155be53a3725805dd",
                "shasum": ""
            },
            "require": {
                "bower-asset/jquery": ">=1.7"
            },
            "type": "bower-asset-library",
            "extra": {
                "bower-asset-main": [
                    "./dist/inputmask/inputmask.js",
                    "./dist/inputmask/inputmask.extensions.js",
                    "./dist/inputmask/inputmask.date.extensions.js",
                    "./dist/inputmask/inputmask.numeric.extensions.js",
                    "./dist/inputmask/inputmask.phone.extensions.js",
                    "./dist/inputmask/jquery.inputmask.js",
                    "./dist/inputmask/global/document.js",
                    "./dist/inputmask/global/window.js",
                    "./dist/inputmask/phone-codes/phone.js",
                    "./dist/inputmask/phone-codes/phone-be.js",
                    "./dist/inputmask/phone-codes/phone-nl.js",
                    "./dist/inputmask/phone-codes/phone-ru.js",
                    "./dist/inputmask/phone-codes/phone-uk.js",
                    "./dist/inputmask/dependencyLibs/inputmask.dependencyLib.jqlite.js",
                    "./dist/inputmask/dependencyLibs/inputmask.dependencyLib.jquery.js",
                    "./dist/inputmask/dependencyLibs/inputmask.dependencyLib.js",
                    "./dist/inputmask/bindings/inputmask.binding.js"
                ],
                "bower-asset-ignore": [
                    "**/*",
                    "!dist/*",
                    "!dist/inputmask/*",
                    "!dist/min/*",
                    "!dist/min/inputmask/*"
                ]
            },
            "license": [
                "http://opensource.org/licenses/mit-license.php"
            ],
            "description": "Inputmask is a javascript library which creates an input mask.  Inputmask can run against vanilla javascript, jQuery and jqlite.",
            "keywords": [
                "form",
                "input",
                "inputmask",
                "jquery",
                "mask",
                "plugins"
            ]
        },
        {
            "name": "bower-asset/jquery",
            "version": "2.2.4",
            "source": {
                "type": "git",
                "url": "https://github.com/jquery/jquery-dist.git",
                "reference": "c0185ab7c75aab88762c5aae780b9d83b80eda72"
            },
            "dist": {
                "type": "zip",
                "url": "https://api.github.com/repos/jquery/jquery-dist/zipball/c0185ab7c75aab88762c5aae780b9d83b80eda72",
                "reference": "c0185ab7c75aab88762c5aae780b9d83b80eda72",
                "shasum": ""
            },
            "type": "bower-asset-library",
            "extra": {
                "bower-asset-main": "dist/jquery.js",
                "bower-asset-ignore": [
                    "package.json"
                ]
            },
            "license": [
                "MIT"
            ],
            "keywords": [
                "browser",
                "javascript",
                "jquery",
                "library"
            ]
        },
        {
            "name": "bower-asset/jquery-ui",
            "version": "1.11.4",
            "source": {
                "type": "git",
                "url": "https://github.com/components/jqueryui.git",
                "reference": "c34f8dbf3ba57b3784b93f26119f436c0e8288e1"
            },
            "dist": {
                "type": "zip",
                "url": "https://api.github.com/repos/components/jqueryui/zipball/c34f8dbf3ba57b3784b93f26119f436c0e8288e1",
                "reference": "c34f8dbf3ba57b3784b93f26119f436c0e8288e1",
                "shasum": ""
            },
            "require": {
                "bower-asset/jquery": ">=1.6"
            },
            "type": "bower-asset-library",
            "extra": {
                "bower-asset-main": [
                    "jquery-ui.js"
                ],
                "bower-asset-ignore": []
            }
        },
        {
            "name": "bower-asset/popper.js",
            "version": "v1.12.5",
            "source": {
                "type": "git",
                "url": "https://github.com/FezVrasta/popper.js.git",
                "reference": "8a4f6e8936618ffcac1c1bd837ab4e5ab1de6726"
            },
            "dist": {
                "type": "zip",
                "url": "https://api.github.com/repos/FezVrasta/popper.js/zipball/8a4f6e8936618ffcac1c1bd837ab4e5ab1de6726",
                "reference": "8a4f6e8936618ffcac1c1bd837ab4e5ab1de6726",
                "shasum": ""
            },
            "type": "bower-asset-library",
            "extra": {
                "bower-asset-main": "dist/umd/popper.js",
                "bower-asset-ignore": [
                    "**/.*",
                    "node_modules",
                    "bower_components",
                    "tests"
                ]
            },
            "license": [
                "MIT"
            ],
            "description": "A kickass library to manage your poppers",
            "keywords": [
                "attached",
                "component",
                "drop",
                "popover",
                "popperjs",
                "position",
                "tooltip"
            ]
        },
        {
            "name": "bower-asset/punycode",
            "version": "v1.3.2",
            "source": {
                "type": "git",
                "url": "https://github.com/bestiejs/punycode.js.git",
                "reference": "38c8d3131a82567bfef18da09f7f4db68c84f8a3"
            },
            "dist": {
                "type": "zip",
                "url": "https://api.github.com/repos/bestiejs/punycode.js/zipball/38c8d3131a82567bfef18da09f7f4db68c84f8a3",
                "reference": "38c8d3131a82567bfef18da09f7f4db68c84f8a3",
                "shasum": ""
            },
            "type": "bower-asset-library",
            "extra": {
                "bower-asset-main": "punycode.js",
                "bower-asset-ignore": [
                    "coverage",
                    "tests",
                    ".*",
                    "component.json",
                    "Gruntfile.js",
                    "node_modules",
                    "package.json"
                ]
            }
        },
        {
            "name": "bower-asset/yii2-pjax",
            "version": "v2.0.6",
            "source": {
                "type": "git",
                "url": "https://github.com/yiisoft/jquery-pjax.git",
                "reference": "60728da6ade5879e807a49ce59ef9a72039b8978"
            },
            "dist": {
                "type": "zip",
                "url": "https://api.github.com/repos/yiisoft/jquery-pjax/zipball/60728da6ade5879e807a49ce59ef9a72039b8978",
                "reference": "60728da6ade5879e807a49ce59ef9a72039b8978",
                "shasum": ""
            },
            "require": {
                "bower-asset/jquery": ">=1.8"
            },
            "type": "bower-asset-library",
            "extra": {
                "bower-asset-main": "./jquery.pjax.js",
                "bower-asset-ignore": [
                    ".travis.yml",
                    "Gemfile",
                    "Gemfile.lock",
                    "CONTRIBUTING.md",
                    "vendor/",
                    "script/",
                    "test/"
                ]
            },
            "license": [
                "MIT"
            ]
        },
        {
            "name": "cebe/markdown",
            "version": "dev-master",
            "source": {
                "type": "git",
                "url": "https://github.com/cebe/markdown.git",
                "reference": "fcc325311c4c5e11c4453a405344d02adfa64aa1"
            },
            "dist": {
                "type": "zip",
                "url": "https://api.github.com/repos/cebe/markdown/zipball/fcc325311c4c5e11c4453a405344d02adfa64aa1",
                "reference": "fcc325311c4c5e11c4453a405344d02adfa64aa1",
                "shasum": ""
            },
            "require": {
                "lib-pcre": "*",
                "php": ">=5.4.0"
            },
            "require-dev": {
                "cebe/indent": "*",
                "facebook/xhprof": "*@dev",
                "phpunit/phpunit": "4.1.*"
            },
            "bin": [
                "bin/markdown"
            ],
            "type": "library",
            "extra": {
                "branch-alias": {
                    "dev-master": "1.1.x-dev"
                }
            },
            "autoload": {
                "psr-4": {
                    "cebe\\markdown\\": ""
                }
            },
            "notification-url": "https://packagist.org/downloads/",
            "license": [
                "MIT"
            ],
            "authors": [
                {
                    "name": "Carsten Brandt",
                    "email": "mail@cebe.cc",
                    "homepage": "http://cebe.cc/",
                    "role": "Creator"
                }
            ],
            "description": "A super fast, highly extensible markdown parser for PHP",
            "homepage": "https://github.com/cebe/markdown#readme",
            "keywords": [
                "extensible",
                "fast",
                "gfm",
                "markdown",
                "markdown-extra"
            ],
            "time": "2017-08-22T10:13:04+00:00"
        },
        {
            "name": "ezyang/htmlpurifier",
            "version": "v4.9.3",
            "source": {
                "type": "git",
                "url": "https://github.com/ezyang/htmlpurifier.git",
                "reference": "95e1bae3182efc0f3422896a3236e991049dac69"
            },
            "dist": {
                "type": "zip",
                "url": "https://api.github.com/repos/ezyang/htmlpurifier/zipball/95e1bae3182efc0f3422896a3236e991049dac69",
                "reference": "95e1bae3182efc0f3422896a3236e991049dac69",
                "shasum": ""
            },
            "require": {
                "php": ">=5.2"
            },
            "require-dev": {
                "simpletest/simpletest": "^1.1"
            },
            "type": "library",
            "autoload": {
                "psr-0": {
                    "HTMLPurifier": "library/"
                },
                "files": [
                    "library/HTMLPurifier.composer.php"
                ]
            },
            "notification-url": "https://packagist.org/downloads/",
            "license": [
                "LGPL"
            ],
            "authors": [
                {
                    "name": "Edward Z. Yang",
                    "email": "admin@htmlpurifier.org",
                    "homepage": "http://ezyang.com"
                }
            ],
            "description": "Standards compliant HTML filter written in PHP",
            "homepage": "http://htmlpurifier.org/",
            "keywords": [
                "html"
            ],
            "time": "2017-06-03T02:28:16+00:00"
        },
        {
            "name": "gietos/dadata",
            "version": "dev-master",
            "source": {
                "type": "git",
                "url": "https://github.com/gietos/dadata.git",
                "reference": "e54407c0be291f00e6b9b1d6450d087af025cd65"
            },
            "dist": {
                "type": "zip",
                "url": "https://api.github.com/repos/gietos/dadata/zipball/e54407c0be291f00e6b9b1d6450d087af025cd65",
                "reference": "e54407c0be291f00e6b9b1d6450d087af025cd65",
                "shasum": ""
            },
            "require": {
                "guzzlehttp/guzzle": "^6.2",
                "php": ">=5.5.0"
            },
            "type": "library",
            "autoload": {
                "psr-4": {
                    "Dadata\\": "src/"
                }
            },
            "notification-url": "https://packagist.org/downloads/",
            "license": [
                "MIT"
            ],
            "authors": [
                {
                    "name": "Sergey Kasatkin",
                    "email": "spam@onsky.ru"
                }
            ],
            "description": "Dadata API client (https://dadata.ru)",
            "time": "2017-08-30T07:36:56+00:00"
        },
        {
            "name": "guzzlehttp/guzzle",
            "version": "6.3.0",
            "source": {
                "type": "git",
                "url": "https://github.com/guzzle/guzzle.git",
                "reference": "f4db5a78a5ea468d4831de7f0bf9d9415e348699"
            },
            "dist": {
                "type": "zip",
                "url": "https://api.github.com/repos/guzzle/guzzle/zipball/f4db5a78a5ea468d4831de7f0bf9d9415e348699",
                "reference": "f4db5a78a5ea468d4831de7f0bf9d9415e348699",
                "shasum": ""
            },
            "require": {
                "guzzlehttp/promises": "^1.0",
                "guzzlehttp/psr7": "^1.4",
                "php": ">=5.5"
            },
            "require-dev": {
                "ext-curl": "*",
                "phpunit/phpunit": "^4.0 || ^5.0",
                "psr/log": "^1.0"
            },
            "suggest": {
                "psr/log": "Required for using the Log middleware"
            },
            "type": "library",
            "extra": {
                "branch-alias": {
                    "dev-master": "6.2-dev"
                }
            },
            "autoload": {
                "files": [
                    "src/functions_include.php"
                ],
                "psr-4": {
                    "GuzzleHttp\\": "src/"
                }
            },
            "notification-url": "https://packagist.org/downloads/",
            "license": [
                "MIT"
            ],
            "authors": [
                {
                    "name": "Michael Dowling",
                    "email": "mtdowling@gmail.com",
                    "homepage": "https://github.com/mtdowling"
                }
            ],
            "description": "Guzzle is a PHP HTTP client library",
            "homepage": "http://guzzlephp.org/",
            "keywords": [
                "client",
                "curl",
                "framework",
                "http",
                "http client",
                "rest",
                "web service"
            ],
            "time": "2017-06-22T18:50:49+00:00"
        },
        {
            "name": "guzzlehttp/promises",
            "version": "dev-master",
            "source": {
                "type": "git",
                "url": "https://github.com/guzzle/promises.git",
                "reference": "09e549f5534380c68761260a71f847644d8f65aa"
            },
            "dist": {
                "type": "zip",
                "url": "https://api.github.com/repos/guzzle/promises/zipball/09e549f5534380c68761260a71f847644d8f65aa",
                "reference": "09e549f5534380c68761260a71f847644d8f65aa",
                "shasum": ""
            },
            "require": {
                "php": ">=5.5.0"
            },
            "require-dev": {
                "phpunit/phpunit": "^4.0"
            },
            "type": "library",
            "extra": {
                "branch-alias": {
                    "dev-master": "1.4-dev"
                }
            },
            "autoload": {
                "psr-4": {
                    "GuzzleHttp\\Promise\\": "src/"
                },
                "files": [
                    "src/functions_include.php"
                ]
            },
            "notification-url": "https://packagist.org/downloads/",
            "license": [
                "MIT"
            ],
            "authors": [
                {
                    "name": "Michael Dowling",
                    "email": "mtdowling@gmail.com",
                    "homepage": "https://github.com/mtdowling"
                }
            ],
            "description": "Guzzle promises library",
            "keywords": [
                "promise"
            ],
            "time": "2017-05-20T23:14:18+00:00"
        },
        {
            "name": "guzzlehttp/psr7",
            "version": "dev-master",
            "source": {
                "type": "git",
                "url": "https://github.com/guzzle/psr7.git",
                "reference": "811b676fbab9c99e359885032e5ebc70e442f5b8"
            },
            "dist": {
                "type": "zip",
                "url": "https://api.github.com/repos/guzzle/psr7/zipball/811b676fbab9c99e359885032e5ebc70e442f5b8",
                "reference": "811b676fbab9c99e359885032e5ebc70e442f5b8",
                "shasum": ""
            },
            "require": {
                "php": ">=5.4.0",
                "psr/http-message": "~1.0"
            },
            "provide": {
                "psr/http-message-implementation": "1.0"
            },
            "require-dev": {
                "phpunit/phpunit": "~4.0"
            },
            "type": "library",
            "extra": {
                "branch-alias": {
                    "dev-master": "1.4-dev"
                }
            },
            "autoload": {
                "psr-4": {
                    "GuzzleHttp\\Psr7\\": "src/"
                },
                "files": [
                    "src/functions_include.php"
                ]
            },
            "notification-url": "https://packagist.org/downloads/",
            "license": [
                "MIT"
            ],
            "authors": [
                {
                    "name": "Michael Dowling",
                    "email": "mtdowling@gmail.com",
                    "homepage": "https://github.com/mtdowling"
                },
                {
                    "name": "Tobias Schultze",
                    "homepage": "https://github.com/Tobion"
                }
            ],
            "description": "PSR-7 message implementation that also provides common utility methods",
            "keywords": [
                "http",
                "message",
                "request",
                "response",
                "stream",
                "uri",
                "url"
            ],
            "time": "2017-07-17T09:11:21+00:00"
        },
        {
            "name": "psr/http-message",
            "version": "dev-master",
            "source": {
                "type": "git",
                "url": "https://github.com/php-fig/http-message.git",
                "reference": "f6561bf28d520154e4b0ec72be95418abe6d9363"
            },
            "dist": {
                "type": "zip",
                "url": "https://api.github.com/repos/php-fig/http-message/zipball/f6561bf28d520154e4b0ec72be95418abe6d9363",
                "reference": "f6561bf28d520154e4b0ec72be95418abe6d9363",
                "shasum": ""
            },
            "require": {
                "php": ">=5.3.0"
            },
            "type": "library",
            "extra": {
                "branch-alias": {
                    "dev-master": "1.0.x-dev"
                }
            },
            "autoload": {
                "psr-4": {
                    "Psr\\Http\\Message\\": "src/"
                }
            },
            "notification-url": "https://packagist.org/downloads/",
            "license": [
                "MIT"
            ],
            "authors": [
                {
                    "name": "PHP-FIG",
                    "homepage": "http://www.php-fig.org/"
                }
            ],
            "description": "Common interface for HTTP messages",
            "homepage": "https://github.com/php-fig/http-message",
            "keywords": [
                "http",
                "http-message",
                "psr",
                "psr-7",
                "request",
                "response"
            ],
            "time": "2016-08-06T14:39:51+00:00"
        },
        {
            "name": "skeeks/yii2-dadata-suggest-api",
            "version": "dev-master",
            "source": {
                "type": "git",
                "url": "https://github.com/skeeks-semenov/yii2-dadata-suggest-api.git",
                "reference": "9ff6e7af54344d059dce0ed08797880142d0ff6b"
            },
            "dist": {
                "type": "zip",
                "url": "https://api.github.com/repos/skeeks-semenov/yii2-dadata-suggest-api/zipball/9ff6e7af54344d059dce0ed08797880142d0ff6b",
                "reference": "9ff6e7af54344d059dce0ed08797880142d0ff6b",
                "shasum": ""
            },
            "require": {
                "yiisoft/yii2": "*",
                "yiisoft/yii2-httpclient": "*"
            },
            "type": "yii2-extension",
            "autoload": {
                "psr-4": {
                    "skeeks\\yii2\\dadataSuggestApi\\": ""
                }
            },
            "notification-url": "https://packagist.org/downloads/",
            "license": [
                "BSD-3-Clause"
            ],
            "authors": [
                {
                    "name": "Semenov Alexander",
                    "email": "semenov@skeeks.com"
                }
            ],
            "description": "Suggest yii2 api dadata.ru",
            "homepage": "http://www.skeeks.com/",
            "keywords": [
                "api",
                "app",
                "framework",
                "skeeks",
                "yii"
            ],
            "time": "2016-11-10T12:19:27+00:00"
        },
        {
            "name": "yiisoft/yii2",
            "version": "dev-master",
            "source": {
                "type": "git",
                "url": "https://github.com/yiisoft/yii2-framework.git",
                "reference": "b866211e91d6eada2890a570036c3bee56186a2b"
            },
            "dist": {
                "type": "zip",
                "url": "https://api.github.com/repos/yiisoft/yii2-framework/zipball/b866211e91d6eada2890a570036c3bee56186a2b",
                "reference": "b866211e91d6eada2890a570036c3bee56186a2b",
                "shasum": ""
            },
            "require": {
                "bower-asset/inputmask": "~3.2.2 | ~3.3.5",
                "bower-asset/jquery": "2.2.*@stable | 2.1.*@stable | 1.11.*@stable | 1.12.*@stable",
                "bower-asset/punycode": "1.3.*",
                "bower-asset/yii2-pjax": "~2.0.1",
                "cebe/markdown": "~1.0.0 | ~1.1.0",
                "ext-ctype": "*",
                "ext-mbstring": "*",
                "ezyang/htmlpurifier": "~4.6",
                "lib-pcre": "*",
                "php": ">=5.4.0",
                "yiisoft/yii2-composer": "~2.0.4"
            },
            "bin": [
                "yii"
            ],
            "type": "library",
            "extra": {
                "branch-alias": {
                    "dev-master": "2.0.x-dev"
                }
            },
            "autoload": {
                "psr-4": {
                    "yii\\": ""
                }
            },
            "notification-url": "https://packagist.org/downloads/",
            "license": [
                "BSD-3-Clause"
            ],
            "authors": [
                {
                    "name": "Qiang Xue",
                    "email": "qiang.xue@gmail.com",
                    "homepage": "http://www.yiiframework.com/",
                    "role": "Founder and project lead"
                },
                {
                    "name": "Alexander Makarov",
                    "email": "sam@rmcreative.ru",
                    "homepage": "http://rmcreative.ru/",
                    "role": "Core framework development"
                },
                {
                    "name": "Maurizio Domba",
                    "homepage": "http://mdomba.info/",
                    "role": "Core framework development"
                },
                {
                    "name": "Carsten Brandt",
                    "email": "mail@cebe.cc",
                    "homepage": "http://cebe.cc/",
                    "role": "Core framework development"
                },
                {
                    "name": "Timur Ruziev",
                    "email": "resurtm@gmail.com",
                    "homepage": "http://resurtm.com/",
                    "role": "Core framework development"
                },
                {
                    "name": "Paul Klimov",
                    "email": "klimov.paul@gmail.com",
                    "role": "Core framework development"
                },
                {
                    "name": "Dmitry Naumenko",
                    "email": "d.naumenko.a@gmail.com",
                    "role": "Core framework development"
                },
                {
                    "name": "Boudewijn Vahrmeijer",
                    "email": "info@dynasource.eu",
                    "homepage": "http://dynasource.eu",
                    "role": "Core framework development"
                }
            ],
            "description": "Yii PHP Framework Version 2",
            "homepage": "http://www.yiiframework.com/",
            "keywords": [
                "framework",
                "yii2"
            ],
            "time": "2017-09-06T14:43:48+00:00"
        },
        {
            "name": "yiisoft/yii2-bootstrap",
            "version": "2.1.x-dev",
            "source": {
                "type": "git",
                "url": "https://github.com/yiisoft/yii2-bootstrap.git",
                "reference": "e33885e72afc334785e9c3ecdecc1b21104c4946"
            },
            "dist": {
                "type": "zip",
                "url": "https://api.github.com/repos/yiisoft/yii2-bootstrap/zipball/e33885e72afc334785e9c3ecdecc1b21104c4946",
                "reference": "e33885e72afc334785e9c3ecdecc1b21104c4946",
                "shasum": ""
            },
            "require": {
                "bower-asset/bootstrap": "~4.0.0@beta",
                "bower-asset/popper.js": "~1.12.0",
                "yiisoft/yii2": "~2.0.6"
            },
            "type": "yii2-extension",
            "extra": {
                "branch-alias": {
                    "dev-master": "2.0.x-dev"
                },
                "asset-installer-paths": {
                    "npm-asset-library": "vendor/npm",
                    "bower-asset-library": "vendor/bower"
                }
            },
            "autoload": {
                "psr-4": {
                    "yii\\bootstrap\\": ""
                }
            },
            "notification-url": "https://packagist.org/downloads/",
            "license": [
                "BSD-3-Clause"
            ],
            "authors": [
                {
                    "name": "Qiang Xue",
                    "email": "qiang.xue@gmail.com"
                }
            ],
            "description": "The Twitter Bootstrap extension for the Yii framework",
            "keywords": [
                "bootstrap",
                "yii2"
            ],
            "time": "2017-08-15T21:59:46+00:00"
        },
        {
            "name": "yiisoft/yii2-composer",
            "version": "dev-master",
            "source": {
                "type": "git",
                "url": "https://github.com/yiisoft/yii2-composer.git",
                "reference": "248f7065a352273b15a9f624be63830f360a59f2"
            },
            "dist": {
                "type": "zip",
                "url": "https://api.github.com/repos/yiisoft/yii2-composer/zipball/248f7065a352273b15a9f624be63830f360a59f2",
                "reference": "248f7065a352273b15a9f624be63830f360a59f2",
                "shasum": ""
            },
            "require": {
                "composer-plugin-api": "^1.0"
            },
            "require-dev": {
                "composer/composer": "^1.0"
            },
            "type": "composer-plugin",
            "extra": {
                "class": "yii\\composer\\Plugin",
                "branch-alias": {
                    "dev-master": "2.0.x-dev"
                }
            },
            "autoload": {
                "psr-4": {
                    "yii\\composer\\": ""
                }
            },
            "notification-url": "https://packagist.org/downloads/",
            "license": [
                "BSD-3-Clause"
            ],
            "authors": [
                {
                    "name": "Qiang Xue",
                    "email": "qiang.xue@gmail.com"
                }
            ],
            "description": "The composer plugin for Yii extension installer",
            "keywords": [
                "composer",
                "extension installer",
                "yii2"
            ],
            "time": "2017-08-01T14:22:25+00:00"
        },
        {
            "name": "yiisoft/yii2-httpclient",
            "version": "dev-master",
            "source": {
                "type": "git",
                "url": "https://github.com/yiisoft/yii2-httpclient.git",
                "reference": "d1ab910c752dbcdfc88fdbde9a4ea0fdc9a10b62"
            },
            "dist": {
                "type": "zip",
                "url": "https://api.github.com/repos/yiisoft/yii2-httpclient/zipball/d1ab910c752dbcdfc88fdbde9a4ea0fdc9a10b62",
                "reference": "d1ab910c752dbcdfc88fdbde9a4ea0fdc9a10b62",
                "shasum": ""
            },
            "require": {
                "yiisoft/yii2": "~2.0.0"
            },
            "type": "yii2-extension",
            "extra": {
                "branch-alias": {
                    "dev-master": "2.0.x-dev"
                }
            },
            "autoload": {
                "psr-4": {
                    "yii\\httpclient\\": ""
                }
            },
            "notification-url": "https://packagist.org/downloads/",
            "license": [
                "BSD-3-Clause"
            ],
            "authors": [
                {
                    "name": "Paul Klimov",
                    "email": "klimov.paul@gmail.com"
                }
            ],
            "description": "HTTP client extension for the Yii framework",
            "keywords": [
                "curl",
                "http",
                "httpclient",
                "yii2"
            ],
            "time": "2017-07-27T14:36:55+00:00"
        },
        {
            "name": "yiisoft/yii2-jui",
            "version": "dev-master",
            "source": {
                "type": "git",
                "url": "https://github.com/yiisoft/yii2-jui.git",
                "reference": "75e6f78010e9e9a60d7eecc58c8ad5655778535d"
            },
            "dist": {
                "type": "zip",
                "url": "https://api.github.com/repos/yiisoft/yii2-jui/zipball/75e6f78010e9e9a60d7eecc58c8ad5655778535d",
                "reference": "75e6f78010e9e9a60d7eecc58c8ad5655778535d",
                "shasum": ""
            },
            "require": {
                "bower-asset/jquery-ui": "1.11.*@stable",
                "yiisoft/yii2": "~2.0.4"
            },
            "type": "yii2-extension",
            "extra": {
                "branch-alias": {
                    "dev-master": "2.0.x-dev"
                }
            },
            "autoload": {
                "psr-4": {
                    "yii\\jui\\": ""
                }
            },
            "notification-url": "https://packagist.org/downloads/",
            "license": [
                "BSD-3-Clause"
            ],
            "authors": [
                {
                    "name": "Qiang Xue",
                    "email": "qiang.xue@gmail.com"
                }
            ],
            "description": "The Jquery UI extension for the Yii framework",
            "keywords": [
                "jQuery UI",
                "yii2"
            ],
            "time": "2017-08-01T19:29:58+00:00"
        }
    ],
    "packages-dev": [],
    "aliases": [],
    "minimum-stability": "dev",
    "stability-flags": {
        "yiisoft/yii2-jui": 20,
        "gietos/dadata": 20
    },
    "prefer-stable": false,
    "prefer-lowest": false,
    "platform": [],
    "platform-dev": []
}
